
Microsoft Visual Studio Solution File, Format Version 12.00
# Visual Studio Version 17
VisualStudioVersion = 17.6.33801.468
MinimumVisualStudioVersion = 10.0.40219.1
Project("{FAE04EC0-301F-11D3-BF4B-00C04F79EFBC}") = "printTester", "printTester.csproj", "{FDBF1F0B-6D83-4343-92C8-8427D250D6B2}"
EndProject
Global
	GlobalSection(SolutionConfigurationPlatforms) = preSolution
		Debug|Any CPU = Debug|Any CPU
		Release|Any CPU = Release|Any CPU
	EndGlobalSection
	GlobalSection(ProjectConfigurationPlatforms) = postSolution
		{FDBF1F0B-6D83-4343-92C8-8427D250D6B2}.Debug|Any CPU.ActiveCfg = Debug|Any CPU
		{FDBF1F0B-6D83-4343-92C8-8427D250D6B2}.Debug|Any CPU.Build.0 = Debug|Any CPU
		{FDBF1F0B-6D83-4343-92C8-8427D250D6B2}.Release|Any CPU.ActiveCfg = Release|Any CPU
		{FDBF1F0B-6D83-4343-92C8-8427D250D6B2}.Release|Any CPU.Build.0 = Release|Any CPU
	EndGlobalSection
	GlobalSection(SolutionProperties) = preSolution
		HideSolutionNode = FALSE
	EndGlobalSection
	GlobalSection(ExtensibilityGlobals) = postSolution
		SolutionGuid = {D278C69F-52D6-44FB-9FB3-D362FF7422E7}
	EndGlobalSection
EndGlobal
